
Microsoft Visual Studio Solution File, Format Version 12.00
# Visual Studio 15
Project("{FAE04EC0-301F-11D3-BF4B-00C04F79EFBC}") = "NavMeshComponentsEditor", "NavMeshComponentsEditor.csproj", "{8A7231CC-69A7-A708-F82D-13DF292C3701}"
EndProject
Project("{FAE04EC0-301F-11D3-BF4B-00C04F79EFBC}") = "Assembly-CSharp", "Assembly-CSharp.csproj", "{B14850B6-0ADD-AFC0-7AB9-4F4F3F6121BD}"
EndProject
Project("{FAE04EC0-301F-11D3-BF4B-00C04F79EFBC}") = "NavMeshComponents", "NavMeshComponents.csproj", "{82F85D6D-C626-31F9-CB9C-34D10B4C9490}"
EndProject
Global
	GlobalSection(SolutionConfigurationPlatforms) = preSolution
		Debug|Any CPU = Debug|Any CPU
		Release|Any CPU = Release|Any CPU
	EndGlobalSection
	GlobalSection(ProjectConfigurationPlatforms) = postSolution
		{8A7231CC-69A7-A708-F82D-13DF292C3701}.Debug|Any CPU.ActiveCfg = Debug|Any CPU
		{8A7231CC-69A7-A708-F82D-13DF292C3701}.Debug|Any CPU.Build.0 = Debug|Any CPU
		{8A7231CC-69A7-A708-F82D-13DF292C3701}.Release|Any CPU.ActiveCfg = Release|Any CPU
		{8A7231CC-69A7-A708-F82D-13DF292C3701}.Release|Any CPU.Build.0 = Release|Any CPU
		{B14850B6-0ADD-AFC0-7AB9-4F4F3F6121BD}.Debug|Any CPU.ActiveCfg = Debug|Any CPU
		{B14850B6-0ADD-AFC0-7AB9-4F4F3F6121BD}.Debug|Any CPU.Build.0 = Debug|Any CPU
		{B14850B6-0ADD-AFC0-7AB9-4F4F3F6121BD}.Release|Any CPU.ActiveCfg = Release|Any CPU
		{B14850B6-0ADD-AFC0-7AB9-4F4F3F6121BD}.Release|Any CPU.Build.0 = Release|Any CPU
		{82F85D6D-C626-31F9-CB9C-34D10B4C9490}.Debug|Any CPU.ActiveCfg = Debug|Any CPU
		{82F85D6D-C626-31F9-CB9C-34D10B4C9490}.Debug|Any CPU.Build.0 = Debug|Any CPU
		{82F85D6D-C626-31F9-CB9C-34D10B4C9490}.Release|Any CPU.ActiveCfg = Release|Any CPU
		{82F85D6D-C626-31F9-CB9C-34D10B4C9490}.Release|Any CPU.Build.0 = Release|Any CPU
	EndGlobalSection
	GlobalSection(SolutionProperties) = preSolution
		HideSolutionNode = FALSE
	EndGlobalSection
EndGlobal
